
Microsoft Visual Studio Solution File, Format Version 12.00
# Visual Studio Version 16
VisualStudioVersion = 16.0.31005.135
MinimumVisualStudioVersion = 10.0.40219.1
Project("{FAE04EC0-301F-11D3-BF4B-00C04F79EFBC}") = "Method Array List of Custom Type", "Method Array List of Custom Type\Method Array List of Custom Type.csproj", "{F169687A-1C68-43AC-BBAC-1D5C6E3939C8}"
EndProject
Global
	GlobalSection(SolutionConfigurationPlatforms) = preSolution
		Debug|Any CPU = Debug|Any CPU
		Release|Any CPU = Release|Any CPU
	EndGlobalSection
	GlobalSection(ProjectConfigurationPlatforms) = postSolution
		{F169687A-1C68-43AC-BBAC-1D5C6E3939C8}.Debug|Any CPU.ActiveCfg = Debug|Any CPU
		{F169687A-1C68-43AC-BBAC-1D5C6E3939C8}.Debug|Any CPU.Build.0 = Debug|Any CPU
		{F169687A-1C68-43AC-BBAC-1D5C6E3939C8}.Release|Any CPU.ActiveCfg = Release|Any CPU
		{F169687A-1C68-43AC-BBAC-1D5C6E3939C8}.Release|Any CPU.Build.0 = Release|Any CPU
	EndGlobalSection
	GlobalSection(SolutionProperties) = preSolution
		HideSolutionNode = FALSE
	EndGlobalSection
	GlobalSection(ExtensibilityGlobals) = postSolution
		SolutionGuid = {2D6BCA44-76DE-4139-8BE1-1A969F27F081}
	EndGlobalSection
EndGlobal
